
Microsoft Visual Studio Solution File, Format Version 10.00
# Visual Studio 2008
Project("{8BC9CEB8-8B4A-11D0-8D11-00A0C91BC942}") = "tanks", "tanks\tanks.vcproj", "{9251621B-414B-4E44-9B91-19082B5B41D4}"
EndProject
Project("{8BC9CEB8-8B4A-11D0-8D11-00A0C91BC942}") = "server", "server\server.vcproj", "{C6742F63-2342-4339-A0F2-B59C39D44204}"
EndProject
Global
	GlobalSection(SolutionConfigurationPlatforms) = preSolution
		Debug|Win32 = Debug|Win32
		Debug|x64 = Debug|x64
		Release|Win32 = Release|Win32
		Release|x64 = Release|x64
	EndGlobalSection
	GlobalSection(ProjectConfigurationPlatforms) = postSolution
		{9251621B-414B-4E44-9B91-19082B5B41D4}.Debug|Win32.ActiveCfg = Debug|Win32
		{9251621B-414B-4E44-9B91-19082B5B41D4}.Debug|Win32.Build.0 = Debug|Win32
		{9251621B-414B-4E44-9B91-19082B5B41D4}.Debug|x64.ActiveCfg = Release|x64
		{9251621B-414B-4E44-9B91-19082B5B41D4}.Debug|x64.Build.0 = Release|x64
		{9251621B-414B-4E44-9B91-19082B5B41D4}.Release|Win32.ActiveCfg = Release|Win32
		{9251621B-414B-4E44-9B91-19082B5B41D4}.Release|Win32.Build.0 = Release|Win32
		{9251621B-414B-4E44-9B91-19082B5B41D4}.Release|x64.ActiveCfg = Release|x64
		{9251621B-414B-4E44-9B91-19082B5B41D4}.Release|x64.Build.0 = Release|x64
		{C6742F63-2342-4339-A0F2-B59C39D44204}.Debug|Win32.ActiveCfg = Debug|Win32
		{C6742F63-2342-4339-A0F2-B59C39D44204}.Debug|Win32.Build.0 = Debug|Win32
		{C6742F63-2342-4339-A0F2-B59C39D44204}.Debug|x64.ActiveCfg = Release|x64
		{C6742F63-2342-4339-A0F2-B59C39D44204}.Debug|x64.Build.0 = Release|x64
		{C6742F63-2342-4339-A0F2-B59C39D44204}.Release|Win32.ActiveCfg = Release|Win32
		{C6742F63-2342-4339-A0F2-B59C39D44204}.Release|Win32.Build.0 = Release|Win32
		{C6742F63-2342-4339-A0F2-B59C39D44204}.Release|x64.ActiveCfg = Release|x64
		{C6742F63-2342-4339-A0F2-B59C39D44204}.Release|x64.Build.0 = Release|x64
	EndGlobalSection
	GlobalSection(SolutionProperties) = preSolution
		HideSolutionNode = FALSE
	EndGlobalSection
EndGlobal
